
Microsoft Visual Studio Solution File, Format Version 12.00
# Visual Studio Version 17
VisualStudioVersion = 17.7.34009.444
MinimumVisualStudioVersion = 10.0.40219.1
Project("{9A19103F-16F7-4668-BE54-9A1E7A4F7556}") = "Next call", "Next call\Next call.csproj", "{568C3B55-DE3F-4DE0-B58D-8E13B3238A30}"
EndProject
Project("{9A19103F-16F7-4668-BE54-9A1E7A4F7556}") = "ClassLibrary", "ClassLibrary\ClassLibrary.csproj", "{F7C43E74-E857-40FD-B741-5236F3D28DCC}"
EndProject
Project("{9A19103F-16F7-4668-BE54-9A1E7A4F7556}") = "Next Call Test", "Next Call Test\Next Call Test.csproj", "{F58D3311-75C8-4AE0-8F41-BE8A1FBC1849}"
EndProject
Project("{00D1A9C2-B5F0-4AF3-8072-F6C62B433612}") = "Next", "Next\Next.sqlproj", "{6BE684C3-72AC-4896-B835-3B796D51A0DE}"
EndProject
Global
	GlobalSection(SolutionConfigurationPlatforms) = preSolution
		Debug|Any CPU = Debug|Any CPU
		Release|Any CPU = Release|Any CPU
	EndGlobalSection
	GlobalSection(ProjectConfigurationPlatforms) = postSolution
		{568C3B55-DE3F-4DE0-B58D-8E13B3238A30}.Debug|Any CPU.ActiveCfg = Debug|Any CPU
		{568C3B55-DE3F-4DE0-B58D-8E13B3238A30}.Debug|Any CPU.Build.0 = Debug|Any CPU
		{568C3B55-DE3F-4DE0-B58D-8E13B3238A30}.Release|Any CPU.ActiveCfg = Release|Any CPU
		{568C3B55-DE3F-4DE0-B58D-8E13B3238A30}.Release|Any CPU.Build.0 = Release|Any CPU
		{F7C43E74-E857-40FD-B741-5236F3D28DCC}.Debug|Any CPU.ActiveCfg = Debug|Any CPU
		{F7C43E74-E857-40FD-B741-5236F3D28DCC}.Debug|Any CPU.Build.0 = Debug|Any CPU
		{F7C43E74-E857-40FD-B741-5236F3D28DCC}.Release|Any CPU.ActiveCfg = Release|Any CPU
		{F7C43E74-E857-40FD-B741-5236F3D28DCC}.Release|Any CPU.Build.0 = Release|Any CPU
		{F58D3311-75C8-4AE0-8F41-BE8A1FBC1849}.Debug|Any CPU.ActiveCfg = Debug|Any CPU
		{F58D3311-75C8-4AE0-8F41-BE8A1FBC1849}.Debug|Any CPU.Build.0 = Debug|Any CPU
		{F58D3311-75C8-4AE0-8F41-BE8A1FBC1849}.Release|Any CPU.ActiveCfg = Release|Any CPU
		{F58D3311-75C8-4AE0-8F41-BE8A1FBC1849}.Release|Any CPU.Build.0 = Release|Any CPU
		{6BE684C3-72AC-4896-B835-3B796D51A0DE}.Debug|Any CPU.ActiveCfg = Debug|Any CPU
		{6BE684C3-72AC-4896-B835-3B796D51A0DE}.Debug|Any CPU.Build.0 = Debug|Any CPU
		{6BE684C3-72AC-4896-B835-3B796D51A0DE}.Debug|Any CPU.Deploy.0 = Debug|Any CPU
		{6BE684C3-72AC-4896-B835-3B796D51A0DE}.Release|Any CPU.ActiveCfg = Release|Any CPU
		{6BE684C3-72AC-4896-B835-3B796D51A0DE}.Release|Any CPU.Build.0 = Release|Any CPU
		{6BE684C3-72AC-4896-B835-3B796D51A0DE}.Release|Any CPU.Deploy.0 = Release|Any CPU
	EndGlobalSection
	GlobalSection(SolutionProperties) = preSolution
		HideSolutionNode = FALSE
	EndGlobalSection
	GlobalSection(ExtensibilityGlobals) = postSolution
		SolutionGuid = {1763242B-AE6C-41EB-9EB6-3007FFF258FF}
	EndGlobalSection
EndGlobal
